// !$*UTF8*$!
{
	archiveVersion = 1;
	classes = {
	};
	objectVersion = 50;
	objects = {

/* Begin PBXBuildFile section */
		601F52292500597300DD5D9F /* MapView.swift in Sources */ = {isa = PBXBuildFile; fileRef = 601F52282500597300DD5D9F /* MapView.swift */; };
		6021847C24F7E23300311821 /* ImagePicker.swift in Sources */ = {isa = PBXBuildFile; fileRef = 6021847B24F7E23300311821 /* ImagePicker.swift */; };
		603D595524F690AF0064EFE5 /* AppDelegate.swift in Sources */ = {isa = PBXBuildFile; fileRef = 603D595424F690AF0064EFE5 /* AppDelegate.swift */; };
		603D595724F690AF0064EFE5 /* SceneDelegate.swift in Sources */ = {isa = PBXBuildFile; fileRef = 603D595624F690AF0064EFE5 /* SceneDelegate.swift */; };
		603D595A24F690AF0064EFE5 /* WhatsMyName.xcdatamodeld in Sources */ = {isa = PBXBuildFile; fileRef = 603D595824F690AF0064EFE5 /* WhatsMyName.xcdatamodeld */; };
		603D595C24F690AF0064EFE5 /* ContentView.swift in Sources */ = {isa = PBXBuildFile; fileRef = 603D595B24F690AF0064EFE5 /* ContentView.swift */; };
		603D595E24F690B00064EFE5 /* Assets.xcassets in Resources */ = {isa = PBXBuildFile; fileRef = 603D595D24F690B00064EFE5 /* Assets.xcassets */; };
		603D596124F690B00064EFE5 /* Preview Assets.xcassets in Resources */ = {isa = PBXBuildFile; fileRef = 603D596024F690B00064EFE5 /* Preview Assets.xcassets */; };
		603D596424F690B00064EFE5 /* LaunchScreen.storyboard in Resources */ = {isa = PBXBuildFile; fileRef = 603D596224F690B00064EFE5 /* LaunchScreen.storyboard */; };
		603D596C24F698380064EFE5 /* DetailView.swift in Sources */ = {isa = PBXBuildFile; fileRef = 603D596B24F698380064EFE5 /* DetailView.swift */; };
		603D596E24F69B210064EFE5 /* AddView.swift in Sources */ = {isa = PBXBuildFile; fileRef = 603D596D24F69B210064EFE5 /* AddView.swift */; };
/* End PBXBuildFile section */

/* Begin PBXFileReference section */
		601F52282500597300DD5D9F /* MapView.swift */ = {isa = PBXFileReference; lastKnownFileType = sourcecode.swift; path = MapView.swift; sourceTree = "<group>"; };
		6021847B24F7E23300311821 /* ImagePicker.swift */ = {isa = PBXFileReference; lastKnownFileType = sourcecode.swift; path = ImagePicker.swift; sourceTree = "<group>"; };
		603D595124F690AE0064EFE5 /* WhatsMyName.app */ = {isa = PBXFileReference; explicitFileType = wrapper.application; includeInIndex = 0; path = WhatsMyName.app; sourceTree = BUILT_PRODUCTS_DIR; };
		603D595424F690AF0064EFE5 /* AppDelegate.swift */ = {isa = PBXFileReference; lastKnownFileType = sourcecode.swift; path = AppDelegate.swift; sourceTree = "<group>"; };
		603D595624F690AF0064EFE5 /* SceneDelegate.swift */ = {isa = PBXFileReference; lastKnownFileType = sourcecode.swift; path = SceneDelegate.swift; sourceTree = "<group>"; };
		603D595924F690AF0064EFE5 /* WhatsMyName.xcdatamodel */ = {isa = PBXFileReference; lastKnownFileType = wrapper.xcdatamodel; path = WhatsMyName.xcdatamodel; sourceTree = "<group>"; };
		603D595B24F690AF0064EFE5 /* ContentView.swift */ = {isa = PBXFileReference; lastKnownFileType = sourcecode.swift; path = ContentView.swift; sourceTree = "<group>"; };
		603D595D24F690B00064EFE5 /* Assets.xcassets */ = {isa = PBXFileReference; lastKnownFileType = folder.assetcatalog; path = Assets.xcassets; sourceTree = "<group>"; };
		603D596024F690B00064EFE5 /* Preview Assets.xcassets */ = {isa = PBXFileReference; lastKnownFileType = folder.assetcatalog; path = "Preview Assets.xcassets"; sourceTree = "<group>"; };
		603D596324F690B00064EFE5 /* Base */ = {isa = PBXFileReference; lastKnownFileType = file.storyboard; name = Base; path = Base.lproj/LaunchScreen.storyboard; sourceTree = "<group>"; };
		603D596524F690B00064EFE5 /* Info.plist */ = {isa = PBXFileReference; lastKnownFileType = text.plist.xml; path = Info.plist; sourceTree = "<group>"; };
		603D596B24F698380064EFE5 /* DetailView.swift */ = {isa = PBXFileReference; lastKnownFileType = sourcecode.swift; path = DetailView.swift; sourceTree = "<group>"; };
		603D596D24F69B210064EFE5 /* AddView.swift */ = {isa = PBXFileReference; lastKnownFileType = sourcecode.swift; path = AddView.swift; sourceTree = "<group>"; };
/* End PBXFileReference section */

/* Begin PBXFrameworksBuildPhase section */
		603D594E24F690AE0064EFE5 /* Frameworks */ = {
			isa = PBXFrameworksBuildPhase;
			buildActionMask = 2147483647;
			files = (
			);
			runOnlyForDeploymentPostprocessing = 0;
		};
/* End PBXFrameworksBuildPhase section */

/* Begin PBXGroup section */
		603D594824F690AE0064EFE5 = {
			isa = PBXGroup;
			children = (
				603D595324F690AF0064EFE5 /* WhatsMyName */,
				603D595224F690AE0064EFE5 /* Products */,
			);
			sourceTree = "<group>";
		};
		603D595224F690AE0064EFE5 /* Products */ = {
			isa = PBXGroup;
			children = (
				603D595124F690AE0064EFE5 /* WhatsMyName.app */,
			);
			name = Products;
			sourceTree = "<group>";
		};
		603D595324F690AF0064EFE5 /* WhatsMyName */ = {
			isa = PBXGroup;
			children = (
				603D595424F690AF0064EFE5 /* AppDelegate.swift */,
				603D595624F690AF0064EFE5 /* SceneDelegate.swift */,
				603D595B24F690AF0064EFE5 /* ContentView.swift */,
				603D596B24F698380064EFE5 /* DetailView.swift */,
				601F52282500597300DD5D9F /* MapView.swift */,
				603D596D24F69B210064EFE5 /* AddView.swift */,
				6021847B24F7E23300311821 /* ImagePicker.swift */,
				603D595D24F690B00064EFE5 /* Assets.xcassets */,
				603D596224F690B00064EFE5 /* LaunchScreen.storyboard */,
				603D596524F690B00064EFE5 /* Info.plist */,
				603D595824F690AF0064EFE5 /* WhatsMyName.xcdatamodeld */,
				603D595F24F690B00064EFE5 /* Preview Content */,
			);
			path = WhatsMyName;
			sourceTree = "<group>";
		};
		603D595F24F690B00064EFE5 /* Preview Content */ = {
			isa = PBXGroup;
			children = (
				603D596024F690B00064EFE5 /* Preview Assets.xcassets */,
			);
			path = "Preview Content";
			sourceTree = "<group>";
		};
/* End PBXGroup section */

/* Begin PBXNativeTarget section */
		603D595024F690AE0064EFE5 /* WhatsMyName */ = {
			isa = PBXNativeTarget;
			buildConfigurationList = 603D596824F690B00064EFE5 /* Build configuration list for PBXNativeTarget "WhatsMyName" */;
			buildPhases = (
				603D594D24F690AE0064EFE5 /* Sources */,
				603D594E24F690AE0064EFE5 /* Frameworks */,
				603D594F24F690AE0064EFE5 /* Resources */,
			);
			buildRules = (
			);
			dependencies = (
			);
			name = WhatsMyName;
			productName = WhatsMyName;
			productReference = 603D595124F690AE0064EFE5 /* WhatsMyName.app */;
			productType = "com.apple.product-type.application";
		};
/* End PBXNativeTarget section */

/* Begin PBXProject section */
		603D594924F690AE0064EFE5 /* Project object */ = {
			isa = PBXProject;
			attributes = {
				LastSwiftUpdateCheck = 1130;
				LastUpgradeCheck = 1130;
				ORGANIZATIONNAME = Bryan;
				TargetAttributes = {
					603D595024F690AE0064EFE5 = {
						CreatedOnToolsVersion = 11.3.1;
					};
				};
			};
			buildConfigurationList = 603D594C24F690AE0064EFE5 /* Build configuration list for PBXProject "WhatsMyName" */;
			compatibilityVersion = "Xcode 9.3";
			developmentRegion = en;
			hasScannedForEncodings = 0;
			knownRegions = (
				en,
				Base,
			);
			mainGroup = 603D594824F690AE0064EFE5;
			productRefGroup = 603D595224F690AE0064EFE5 /* Products */;
			projectDirPath = "";
			projectRoot = "";
			targets = (
				603D595024F690AE0064EFE5 /* WhatsMyName */,
			);
		};
/* End PBXProject section */

/* Begin PBXResourcesBuildPhase section */
		603D594F24F690AE0064EFE5 /* Resources */ = {
			isa = PBXResourcesBuildPhase;
			buildActionMask = 2147483647;
			files = (
				603D596424F690B00064EFE5 /* LaunchScreen.storyboard in Resources */,
				603D596124F690B00064EFE5 /* Preview Assets.xcassets in Resources */,
				603D595E24F690B00064EFE5 /* Assets.xcassets in Resources */,
			);
			runOnlyForDeploymentPostprocessing = 0;
		};
/* End PBXResourcesBuildPhase section */

/* Begin PBXSourcesBuildPhase section */
		603D594D24F690AE0064EFE5 /* Sources */ = {
			isa = PBXSourcesBuildPhase;
			buildActionMask = 2147483647;
			files = (
				603D595A24F690AF0064EFE5 /* WhatsMyName.xcdatamodeld in Sources */,
				601F52292500597300DD5D9F /* MapView.swift in Sources */,
				603D595524F690AF0064EFE5 /* AppDelegate.swift in Sources */,
				603D596E24F69B210064EFE5 /* AddView.swift in Sources */,
				6021847C24F7E23300311821 /* ImagePicker.swift in Sources */,
				603D595C24F690AF0064EFE5 /* ContentView.swift in Sources */,
				603D596C24F698380064EFE5 /* DetailView.swift in Sources */,
				603D595724F690AF0064EFE5 /* SceneDelegate.swift in Sources */,
			);
			runOnlyForDeploymentPostprocessing = 0;
		};
/* End PBXSourcesBuildPhase section */

/* Begin PBXVariantGroup section */
		603D596224F690B00064EFE5 /* LaunchScreen.storyboard */ = {
			isa = PBXVariantGroup;
			children = (
				603D596324F690B00064EFE5 /* Base */,
			);
			name = LaunchScreen.storyboard;
			sourceTree = "<group>";
		};
/* End PBXVariantGroup section */

/* Begin XCBuildConfiguration section */
		603D596624F690B00064EFE5 /* Debug */ = {
			isa = XCBuildConfiguration;
			buildSettings = {
				ALWAYS_SEARCH_USER_PATHS = NO;
				CLANG_ANALYZER_NONNULL = YES;
				CLANG_ANALYZER_NUMBER_OBJECT_CONVERSION = YES_AGGRESSIVE;
				CLANG_CXX_LANGUAGE_STANDARD = "gnu++14";
				CLANG_CXX_LIBRARY = "libc++";
				CLANG_ENABLE_MODULES = YES;
				CLANG_ENABLE_OBJC_ARC = YES;
				CLANG_ENABLE_OBJC_WEAK = YES;
				CLANG_WARN_BLOCK_CAPTURE_AUTORELEASING = YES;
				CLANG_WARN_BOOL_CONVERSION = YES;
				CLANG_WARN_COMMA = YES;
				CLANG_WARN_CONSTANT_CONVERSION = YES;
				CLANG_WARN_DEPRECATED_OBJC_IMPLEMENTATIONS = YES;
				CLANG_WARN_DIRECT_OBJC_ISA_USAGE = YES_ERROR;
				CLANG_WARN_DOCUMENTATION_COMMENTS = YES;
				CLANG_WARN_EMPTY_BODY = YES;
				CLANG_WARN_ENUM_CONVERSION = YES;
				CLANG_WARN_INFINITE_RECURSION = YES;
				CLANG_WARN_INT_CONVERSION = YES;
				CLANG_WARN_NON_LITERAL_NULL_CONVERSION = YES;
				CLANG_WARN_OBJC_IMPLICIT_RETAIN_SELF = YES;
				CLANG_WARN_OBJC_LITERAL_CONVERSION = YES;
				CLANG_WARN_OBJC_ROOT_CLASS = YES_ERROR;
				CLANG_WARN_RANGE_LOOP_ANALYSIS = YES;
				CLANG_WARN_STRICT_PROTOTYPES = YES;
				CLANG_WARN_SUSPICIOUS_MOVE = YES;
				CLANG_WARN_UNGUARDED_AVAILABILITY = YES_AGGRESSIVE;
				CLANG_WARN_UNREACHABLE_CODE = YES;
				CLANG_WARN__DUPLICATE_METHOD_MATCH = YES;
				COPY_PHASE_STRIP = NO;
				DEBUG_INFORMATION_FORMAT = dwarf;
				ENABLE_STRICT_OBJC_MSGSEND = YES;
				ENABLE_TESTABILITY = YES;
				GCC_C_LANGUAGE_STANDARD = gnu11;
				GCC_DYNAMIC_NO_PIC = NO;
				GCC_NO_COMMON_BLOCKS = YES;
				GCC_OPTIMIZATION_LEVEL = 0;
				GCC_PREPROCESSOR_DEFINITIONS = (
					"DEBUG=1",
					"$(inherited)",
				);
				GCC_WARN_64_TO_32_BIT_CONVERSION = YES;
				GCC_WARN_ABOUT_RETURN_TYPE = YES_ERROR;
				GCC_WARN_UNDECLARED_SELECTOR = YES;
				GCC_WARN_UNINITIALIZED_AUTOS = YES_AGGRESSIVE;
				GCC_WARN_UNUSED_FUNCTION = YES;
				GCC_WARN_UNUSED_VARIABLE = YES;
				IPHONEOS_DEPLOYMENT_TARGET = 13.2;
				MTL_ENABLE_DEBUG_INFO = INCLUDE_SOURCE;
				MTL_FAST_MATH = YES;
				ONLY_ACTIVE_ARCH = YES;
				SDKROOT = iphoneos;
				SWIFT_ACTIVE_COMPILATION_CONDITIONS = DEBUG;
				SWIFT_OPTIMIZATION_LEVEL = "-Onone";
			};
			name = Debug;
		};
		603D596724F690B00064EFE5 /* Release */ = {
			isa = XCBuildConfiguration;
			buildSettings = {
				ALWAYS_SEARCH_USER_PATHS = NO;
				CLANG_ANALYZER_NONNULL = YES;
				CLANG_ANALYZER_NUMBER_OBJECT_CONVERSION = YES_AGGRESSIVE;
				CLANG_CXX_LANGUAGE_STANDARD = "gnu++14";
				CLANG_CXX_LIBRARY = "libc++";
				CLANG_ENABLE_MODULES = YES;
				CLANG_ENABLE_OBJC_ARC = YES;
				CLANG_ENABLE_OBJC_WEAK = YES;
				CLANG_WARN_BLOCK_CAPTURE_AUTORELEASING = YES;
				CLANG_WARN_BOOL_CONVERSION = YES;
				CLANG_WARN_COMMA = YES;
				CLANG_WARN_CONSTANT_CONVERSION = YES;
				CLANG_WARN_DEPRECATED_OBJC_IMPLEMENTATIONS = YES;
				CLANG_WARN_DIRECT_OBJC_ISA_USAGE = YES_ERROR;
				CLANG_WARN_DOCUMENTATION_COMMENTS = YES;
				CLANG_WARN_EMPTY_BODY = YES;
				CLANG_WARN_ENUM_CONVERSION = YES;
				CLANG_WARN_INFINITE_RECURSION = YES;
				CLANG_WARN_INT_CONVERSION = YES;
				CLANG_WARN_NON_LITERAL_NULL_CONVERSION = YES;
				CLANG_WARN_OBJC_IMPLICIT_RETAIN_SELF = YES;
				CLANG_WARN_OBJC_LITERAL_CONVERSION = YES;
				CLANG_WARN_OBJC_ROOT_CLASS = YES_ERROR;
				CLANG_WARN_RANGE_LOOP_ANALYSIS = YES;
				CLANG_WARN_STRICT_PROTOTYPES = YES;
				CLANG_WARN_SUSPICIOUS_MOVE = YES;
				CLANG_WARN_UNGUARDED_AVAILABILITY = YES_AGGRESSIVE;
				CLANG_WARN_UNREACHABLE_CODE = YES;
				CLANG_WARN__DUPLICATE_METHOD_MATCH = YES;
				COPY_PHASE_STRIP = NO;
				DEBUG_INFORMATION_FORMAT = "dwarf-with-dsym";
				ENABLE_NS_ASSERTIONS = NO;
				ENABLE_STRICT_OBJC_MSGSEND = YES;
				GCC_C_LANGUAGE_STANDARD = gnu11;
				GCC_NO_COMMON_BLOCKS = YES;
				GCC_WARN_64_TO_32_BIT_CONVERSION = YES;
				GCC_WARN_ABOUT_RETURN_TYPE = YES_ERROR;
				GCC_WARN_UNDECLARED_SELECTOR = YES;
				GCC_WARN_UNINITIALIZED_AUTOS = YES_AGGRESSIVE;
				GCC_WARN_UNUSED_FUNCTION = YES;
				GCC_WARN_UNUSED_VARIABLE = YES;
				IPHONEOS_DEPLOYMENT_TARGET = 13.2;
				MTL_ENABLE_DEBUG_INFO = NO;
				MTL_FAST_MATH = YES;
				SDKROOT = iphoneos;
				SWIFT_COMPILATION_MODE = wholemodule;
				SWIFT_OPTIMIZATION_LEVEL = "-O";
				VALIDATE_PRODUCT = YES;
			};
			name = Release;
		};
		603D596924F690B00064EFE5 /* Debug */ = {
			isa = XCBuildConfiguration;
			buildSettings = {
				ASSETCATALOG_COMPILER_APPICON_NAME = AppIcon;
				CODE_SIGN_STYLE = Automatic;
				DEVELOPMENT_ASSET_PATHS = "\"WhatsMyName/Preview Content\"";
				ENABLE_PREVIEWS = YES;
				INFOPLIST_FILE = WhatsMyName/Info.plist;
				LD_RUNPATH_SEARCH_PATHS = (
					"$(inherited)",
					"@executable_path/Frameworks",
				);
				PRODUCT_BUNDLE_IDENTIFIER = com.example.WhatsMyName;
				PRODUCT_NAME = "$(TARGET_NAME)";
				SWIFT_VERSION = 5.0;
				TARGETED_DEVICE_FAMILY = "1,2";
			};
			name = Debug;
		};
		603D596A24F690B00064EFE5 /* Release */ = {
			isa = XCBuildConfiguration;
			buildSettings = {
				ASSETCATALOG_COMPILER_APPICON_NAME = AppIcon;
				CODE_SIGN_STYLE = Automatic;
				DEVELOPMENT_ASSET_PATHS = "\"WhatsMyName/Preview Content\"";
				ENABLE_PREVIEWS = YES;
				INFOPLIST_FILE = WhatsMyName/Info.plist;
				LD_RUNPATH_SEARCH_PATHS = (
					"$(inherited)",
					"@executable_path/Frameworks",
				);
				PRODUCT_BUNDLE_IDENTIFIER = com.example.WhatsMyName;
				PRODUCT_NAME = "$(TARGET_NAME)";
				SWIFT_VERSION = 5.0;
				TARGETED_DEVICE_FAMILY = "1,2";
			};
			name = Release;
		};
/* End XCBuildConfiguration section */

/* Begin XCConfigurationList section */
		603D594C24F690AE0064EFE5 /* Build configuration list for PBXProject "WhatsMyName" */ = {
			isa = XCConfigurationList;
			buildConfigurations = (
				603D596624F690B00064EFE5 /* Debug */,
				603D596724F690B00064EFE5 /* Release */,
			);
			defaultConfigurationIsVisible = 0;
			defaultConfigurationName = Release;
		};
		603D596824F690B00064EFE5 /* Build configuration list for PBXNativeTarget "WhatsMyName" */ = {
			isa = XCConfigurationList;
			buildConfigurations = (
				603D596924F690B00064EFE5 /* Debug */,
				603D596A24F690B00064EFE5 /* Release */,
			);
			defaultConfigurationIsVisible = 0;
			defaultConfigurationName = Release;
		};
/* End XCConfigurationList section */

/* Begin XCVersionGroup section */
		603D595824F690AF0064EFE5 /* WhatsMyName.xcdatamodeld */ = {
			isa = XCVersionGroup;
			children = (
				603D595924F690AF0064EFE5 /* WhatsMyName.xcdatamodel */,
			);
			currentVersion = 603D595924F690AF0064EFE5 /* WhatsMyName.xcdatamodel */;
			path = WhatsMyName.xcdatamodeld;
			sourceTree = "<group>";
			versionGroupType = wrapper.xcdatamodel;
		};
/* End XCVersionGroup section */
	};
	rootObject = 603D594924F690AE0064EFE5 /* Project object */;
}
